
Microsoft Visual Studio Solution File, Format Version 12.00
# Visual Studio 15
VisualStudioVersion = 15.0.27428.1
MinimumVisualStudioVersion = 10.0.40219.1
Project("{FAE04EC0-301F-11D3-BF4B-00C04F79EFBC}") = "LinkedList", "LinkedList\LinkedList.csproj", "{7470ABF6-67E0-437E-991C-8F306BAD57C5}"
EndProject
Project("{FAE04EC0-301F-11D3-BF4B-00C04F79EFBC}") = "TestProject", "TestProject\TestProject.csproj", "{1C54B53D-C35C-451F-BC70-D99FCB8569FE}"
EndProject
Global
	GlobalSection(SolutionConfigurationPlatforms) = preSolution
		Debug|Any CPU = Debug|Any CPU
		Release|Any CPU = Release|Any CPU
	EndGlobalSection
	GlobalSection(ProjectConfigurationPlatforms) = postSolution
		{7470ABF6-67E0-437E-991C-8F306BAD57C5}.Debug|Any CPU.ActiveCfg = Debug|Any CPU
		{7470ABF6-67E0-437E-991C-8F306BAD57C5}.Debug|Any CPU.Build.0 = Debug|Any CPU
		{7470ABF6-67E0-437E-991C-8F306BAD57C5}.Release|Any CPU.ActiveCfg = Release|Any CPU
		{7470ABF6-67E0-437E-991C-8F306BAD57C5}.Release|Any CPU.Build.0 = Release|Any CPU
		{1C54B53D-C35C-451F-BC70-D99FCB8569FE}.Debug|Any CPU.ActiveCfg = Debug|Any CPU
		{1C54B53D-C35C-451F-BC70-D99FCB8569FE}.Debug|Any CPU.Build.0 = Debug|Any CPU
		{1C54B53D-C35C-451F-BC70-D99FCB8569FE}.Release|Any CPU.ActiveCfg = Release|Any CPU
		{1C54B53D-C35C-451F-BC70-D99FCB8569FE}.Release|Any CPU.Build.0 = Release|Any CPU
	EndGlobalSection
	GlobalSection(SolutionProperties) = preSolution
		HideSolutionNode = FALSE
	EndGlobalSection
	GlobalSection(ExtensibilityGlobals) = postSolution
		SolutionGuid = {E096C93B-1784-44F3-ADE8-F070E7DC9994}
	EndGlobalSection
EndGlobal
